<?xml version="1.0" encoding="utf-8"?>
<Project ToolsVersion="4.0" xmlns="http://schemas.microsoft.com/developer/msbuild/2003">
  <ItemGroup>
    <Filter Include="win32">
      <UniqueIdentifier>{84a8ebd7-7cf0-47f6-b75e-d441df67da40}</UniqueIdentifier>
    </Filter>
    <Filter Include="resource">
      <UniqueIdentifier>{715254bc-d70b-4ec5-bf29-467dd3ace079}</UniqueIdentifier>
    </Filter>
    <Filter Include="src">
      <UniqueIdentifier>{bb6c862e-70e9-49d9-81b7-3829a6f50471}</UniqueIdentifier>
    </Filter>
    <Filter Include="src\view">
      <UniqueIdentifier>{de084fc5-b9dd-475d-941c-2cc280696461}</UniqueIdentifier>
    </Filter>
    <Filter Include="src\config">
      <UniqueIdentifier>{58661877-363b-4123-9e39-ccc06c037c3a}</UniqueIdentifier>
    </Filter>
    <Filter Include="src\manager">
      <UniqueIdentifier>{1f95c6a4-80ca-44af-9f1d-ca3e3a9750a2}</UniqueIdentifier>
    </Filter>
    <Filter Include="src\scene">
      <UniqueIdentifier>{7f31cd38-af63-4a4d-961e-4964bf7daf6b}</UniqueIdentifier>
    </Filter>
    <Filter Include="src\ai">
      <UniqueIdentifier>{66bff00c-ff61-4a45-aa62-310262049264}</UniqueIdentifier>
    </Filter>
    <Filter Include="src\tips">
      <UniqueIdentifier>{0b70fd9b-6a3d-4ccb-a171-9ea81c44737e}</UniqueIdentifier>
    </Filter>
  </ItemGroup>
  <ItemGroup>
    <ClCompile Include="main.cpp">
      <Filter>win32</Filter>
    </ClCompile>
    <ClCompile Include="..\Classes\AppDelegate.cpp">
      <Filter>src</Filter>
    </ClCompile>
    <ClCompile Include="..\Classes\MainScene.cpp">
      <Filter>src</Filter>
    </ClCompile>
    <ClCompile Include="..\Classes\view\ChessmanNode.cpp">
      <Filter>src\view</Filter>
    </ClCompile>
    <ClCompile Include="..\Classes\view\GameInfoNode.cpp">
      <Filter>src\view</Filter>
    </ClCompile>
    <ClCompile Include="..\Classes\view\GameMap.cpp">
      <Filter>src\view</Filter>
    </ClCompile>
    <ClCompile Include="..\Classes\config\Config.cpp">
      <Filter>src\config</Filter>
    </ClCompile>
    <ClCompile Include="..\Classes\config\VisibleRect.cpp">
      <Filter>src\config</Filter>
    </ClCompile>
    <ClCompile Include="..\Classes\manager\EventManager.cpp">
      <Filter>src\manager</Filter>
    </ClCompile>
    <ClCompile Include="..\Classes\manager\GameManager.cpp">
      <Filter>src\manager</Filter>
    </ClCompile>
    <ClCompile Include="..\Classes\manager\TouchManager.cpp">
      <Filter>src\manager</Filter>
    </ClCompile>
    <ClCompile Include="..\Classes\scene\GameScene.cpp">
      <Filter>src\scene</Filter>
    </ClCompile>
    <ClCompile Include="..\Classes\ai\PcAi.cpp">
      <Filter>src\ai</Filter>
    </ClCompile>
    <ClCompile Include="..\Classes\tips\TipsManager.cpp">
      <Filter>src\tips</Filter>
    </ClCompile>
    <ClCompile Include="..\Classes\config\DisplayTools.cpp">
      <Filter>src\config</Filter>
    </ClCompile>
    <ClCompile Include="..\Classes\scene\GameEndScene.cpp">
      <Filter>src\scene</Filter>
    </ClCompile>
    <ClCompile Include="..\Classes\view\GameEndNode.cpp">
      <Filter>src\view</Filter>
    </ClCompile>
  </ItemGroup>
  <ItemGroup>
    <ClInclude Include="main.h">
      <Filter>win32</Filter>
    </ClInclude>
    <ClInclude Include="..\Classes\AppDelegate.h">
      <Filter>src</Filter>
    </ClInclude>
    <ClInclude Include="..\Classes\MainScene.h">
      <Filter>src</Filter>
    </ClInclude>
    <ClInclude Include="..\Classes\view\ChessmanNode.h">
      <Filter>src\view</Filter>
    </ClInclude>
    <ClInclude Include="..\Classes\view\GameInfoNode.h">
      <Filter>src\view</Filter>
    </ClInclude>
    <ClInclude Include="..\Classes\view\GameMap.h">
      <Filter>src\view</Filter>
    </ClInclude>
    <ClInclude Include="..\Classes\config\Config.h">
      <Filter>src\config</Filter>
    </ClInclude>
    <ClInclude Include="..\Classes\config\VisibleRect.h">
      <Filter>src\config</Filter>
    </ClInclude>
    <ClInclude Include="..\Classes\manager\EventManager.h">
      <Filter>src\manager</Filter>
    </ClInclude>
    <ClInclude Include="..\Classes\manager\GameManager.h">
      <Filter>src\manager</Filter>
    </ClInclude>
    <ClInclude Include="..\Classes\manager\TouchManager.h">
      <Filter>src\manager</Filter>
    </ClInclude>
    <ClInclude Include="..\Classes\scene\GameScene.h">
      <Filter>src\scene</Filter>
    </ClInclude>
    <ClInclude Include="..\Classes\ai\PcAi.h">
      <Filter>src\ai</Filter>
    </ClInclude>
    <ClInclude Include="..\Classes\tips\TipsManager.h">
      <Filter>src\tips</Filter>
    </ClInclude>
    <ClInclude Include="..\Classes\config\DisplayTools.h">
      <Filter>src\config</Filter>
    </ClInclude>
    <ClInclude Include="..\Classes\scene\GameEndScene.h">
      <Filter>src\scene</Filter>
    </ClInclude>
    <ClInclude Include="..\Classes\view\GameEndNode.h">
      <Filter>src\view</Filter>
    </ClInclude>
  </ItemGroup>
  <ItemGroup>
    <ResourceCompile Include="game.rc">
      <Filter>resource</Filter>
    </ResourceCompile>
  </ItemGroup>
</Project>